
Microsoft Visual Studio Solution File, Format Version 12.00
# Visual Studio Version 17
VisualStudioVersion = 17.2.32630.192
MinimumVisualStudioVersion = 10.0.40219.1
Project("{2150E333-8FDC-42A3-9474-1A3956D46DE8}") = "Modul001_bis Modul003_Übersicht", "Modul001_bis Modul003_Übersicht", "{49759BE0-DEB8-4AF9-8FEC-75171269FB1D}"
EndProject
Project("{9A19103F-16F7-4668-BE54-9A1E7A4F7556}") = "Overview_WEBAPI", "Overview_WEBAPI\Overview_WEBAPI.csproj", "{0AE4A2AB-0BB5-48E5-BFF1-9195DF41C1C7}"
EndProject
Project("{2150E333-8FDC-42A3-9474-1A3956D46DE8}") = "Modul004", "Modul004", "{0C907200-3FA5-4809-9180-256CD74F9988}"
EndProject
Project("{9A19103F-16F7-4668-BE54-9A1E7A4F7556}") = "KonventionenSamplesWebAPI", "KonventionenSamplesWebAPI\KonventionenSamplesWebAPI.csproj", "{8571FA5C-F46C-4091-A6E0-5D3F8C68C30C}"
EndProject
Project("{2150E333-8FDC-42A3-9474-1A3956D46DE8}") = "Modul005", "Modul005", "{670891E2-7FA3-4294-8EF2-B2FA5E27E2F3}"
EndProject
Project("{9A19103F-16F7-4668-BE54-9A1E7A4F7556}") = "FormattersSampleWebAPI", "FormattersSampleWebAPI\FormattersSampleWebAPI.csproj", "{60F53A4A-3A7B-4263-B522-A70518A483EF}"
EndProject
Project("{2150E333-8FDC-42A3-9474-1A3956D46DE8}") = "Modul006", "Modul006", "{3BE01BAE-F966-4AA8-9B71-6C7253B1A4D5}"
EndProject
Project("{9A19103F-16F7-4668-BE54-9A1E7A4F7556}") = "ResponseCachingWebAPI", "ResponseCachingWebAPI\ResponseCachingWebAPI.csproj", "{8324DF83-E337-49EA-8C36-FB1F13CED04F}"
EndProject
Project("{2150E333-8FDC-42A3-9474-1A3956D46DE8}") = "ModulExtentions001", "ModulExtentions001", "{B004A25F-53C7-4BFA-A21E-FA08FC438E86}"
EndProject
Project("{9A19103F-16F7-4668-BE54-9A1E7A4F7556}") = "RequestRatingLimitSample", "RequestRatingLimitSample\RequestRatingLimitSample.csproj", "{042A4A08-0B36-4DF1-9CBB-AF9007E32EBB}"
EndProject
Project("{2150E333-8FDC-42A3-9474-1A3956D46DE8}") = "Solution Items", "Solution Items", "{95A0A7F1-8DC1-4077-B7B8-45F4AAAF73C2}"
	ProjectSection(SolutionItems) = preProject
		..\Agenda.md = ..\Agenda.md
	EndProjectSection
EndProject
Project("{2150E333-8FDC-42A3-9474-1A3956D46DE8}") = "Modul007", "Modul007", "{23DCFC16-E4FB-46B7-9394-5BFD96F2BBDC}"
EndProject
Project("{9A19103F-16F7-4668-BE54-9A1E7A4F7556}") = "UnfallPortal.UI", "UnfallPortal.UI\UnfallPortal.UI.csproj", "{027B23A4-70B0-4FFD-90C8-387E14052796}"
EndProject
Project("{9A19103F-16F7-4668-BE54-9A1E7A4F7556}") = "UnfallPortal.Shared", "UnfallPortal.Shared\UnfallPortal.Shared.csproj", "{E4C39D9A-E0EC-4A70-9697-2E48E67C83C9}"
EndProject
Project("{9A19103F-16F7-4668-BE54-9A1E7A4F7556}") = "UnfallPortal.API", "UnfallPortal.API\UnfallPortal.API.csproj", "{6A6E7F01-CE3B-444F-A8BC-A58CFFB970DD}"
EndProject
Project("{2150E333-8FDC-42A3-9474-1A3956D46DE8}") = "Modul008", "Modul008", "{87899F2E-B13F-4DAB-910B-05AE4F0D01C8}"
EndProject
Project("{FAE04EC0-301F-11D3-BF4B-00C04F79EFBC}") = "FileUpDownloadSample", "FileUpDownloadSample\FileUpDownloadSample.csproj", "{970FEB33-F8F5-4F15-8B32-26898F5CEC47}"
EndProject
Project("{2150E333-8FDC-42A3-9474-1A3956D46DE8}") = "Modul009_Pagging", "Modul009_Pagging", "{A90FDFD9-B300-4921-8E81-A8621D2B16D3}"
EndProject
Project("{FAE04EC0-301F-11D3-BF4B-00C04F79EFBC}") = "MovieWebAPIWithPagging", "MovieWebAPIWithPagging\MovieWebAPIWithPagging.csproj", "{118BD312-9BCE-4C61-8D98-BCF4DC1EA551}"
EndProject
Global
	GlobalSection(SolutionConfigurationPlatforms) = preSolution
		Debug|Any CPU = Debug|Any CPU
		Release|Any CPU = Release|Any CPU
	EndGlobalSection
	GlobalSection(ProjectConfigurationPlatforms) = postSolution
		{0AE4A2AB-0BB5-48E5-BFF1-9195DF41C1C7}.Debug|Any CPU.ActiveCfg = Debug|Any CPU
		{0AE4A2AB-0BB5-48E5-BFF1-9195DF41C1C7}.Debug|Any CPU.Build.0 = Debug|Any CPU
		{0AE4A2AB-0BB5-48E5-BFF1-9195DF41C1C7}.Release|Any CPU.ActiveCfg = Release|Any CPU
		{0AE4A2AB-0BB5-48E5-BFF1-9195DF41C1C7}.Release|Any CPU.Build.0 = Release|Any CPU
		{8571FA5C-F46C-4091-A6E0-5D3F8C68C30C}.Debug|Any CPU.ActiveCfg = Debug|Any CPU
		{8571FA5C-F46C-4091-A6E0-5D3F8C68C30C}.Debug|Any CPU.Build.0 = Debug|Any CPU
		{8571FA5C-F46C-4091-A6E0-5D3F8C68C30C}.Release|Any CPU.ActiveCfg = Release|Any CPU
		{8571FA5C-F46C-4091-A6E0-5D3F8C68C30C}.Release|Any CPU.Build.0 = Release|Any CPU
		{60F53A4A-3A7B-4263-B522-A70518A483EF}.Debug|Any CPU.ActiveCfg = Debug|Any CPU
		{60F53A4A-3A7B-4263-B522-A70518A483EF}.Debug|Any CPU.Build.0 = Debug|Any CPU
		{60F53A4A-3A7B-4263-B522-A70518A483EF}.Release|Any CPU.ActiveCfg = Release|Any CPU
		{60F53A4A-3A7B-4263-B522-A70518A483EF}.Release|Any CPU.Build.0 = Release|Any CPU
		{8324DF83-E337-49EA-8C36-FB1F13CED04F}.Debug|Any CPU.ActiveCfg = Debug|Any CPU
		{8324DF83-E337-49EA-8C36-FB1F13CED04F}.Debug|Any CPU.Build.0 = Debug|Any CPU
		{8324DF83-E337-49EA-8C36-FB1F13CED04F}.Release|Any CPU.ActiveCfg = Release|Any CPU
		{8324DF83-E337-49EA-8C36-FB1F13CED04F}.Release|Any CPU.Build.0 = Release|Any CPU
		{042A4A08-0B36-4DF1-9CBB-AF9007E32EBB}.Debug|Any CPU.ActiveCfg = Debug|Any CPU
		{042A4A08-0B36-4DF1-9CBB-AF9007E32EBB}.Debug|Any CPU.Build.0 = Debug|Any CPU
		{042A4A08-0B36-4DF1-9CBB-AF9007E32EBB}.Release|Any CPU.ActiveCfg = Release|Any CPU
		{042A4A08-0B36-4DF1-9CBB-AF9007E32EBB}.Release|Any CPU.Build.0 = Release|Any CPU
		{027B23A4-70B0-4FFD-90C8-387E14052796}.Debug|Any CPU.ActiveCfg = Debug|Any CPU
		{027B23A4-70B0-4FFD-90C8-387E14052796}.Debug|Any CPU.Build.0 = Debug|Any CPU
		{027B23A4-70B0-4FFD-90C8-387E14052796}.Release|Any CPU.ActiveCfg = Release|Any CPU
		{027B23A4-70B0-4FFD-90C8-387E14052796}.Release|Any CPU.Build.0 = Release|Any CPU
		{E4C39D9A-E0EC-4A70-9697-2E48E67C83C9}.Debug|Any CPU.ActiveCfg = Debug|Any CPU
		{E4C39D9A-E0EC-4A70-9697-2E48E67C83C9}.Debug|Any CPU.Build.0 = Debug|Any CPU
		{E4C39D9A-E0EC-4A70-9697-2E48E67C83C9}.Release|Any CPU.ActiveCfg = Release|Any CPU
		{E4C39D9A-E0EC-4A70-9697-2E48E67C83C9}.Release|Any CPU.Build.0 = Release|Any CPU
		{6A6E7F01-CE3B-444F-A8BC-A58CFFB970DD}.Debug|Any CPU.ActiveCfg = Debug|Any CPU
		{6A6E7F01-CE3B-444F-A8BC-A58CFFB970DD}.Debug|Any CPU.Build.0 = Debug|Any CPU
		{6A6E7F01-CE3B-444F-A8BC-A58CFFB970DD}.Release|Any CPU.ActiveCfg = Release|Any CPU
		{6A6E7F01-CE3B-444F-A8BC-A58CFFB970DD}.Release|Any CPU.Build.0 = Release|Any CPU
		{970FEB33-F8F5-4F15-8B32-26898F5CEC47}.Debug|Any CPU.ActiveCfg = Debug|Any CPU
		{970FEB33-F8F5-4F15-8B32-26898F5CEC47}.Debug|Any CPU.Build.0 = Debug|Any CPU
		{970FEB33-F8F5-4F15-8B32-26898F5CEC47}.Release|Any CPU.ActiveCfg = Release|Any CPU
		{970FEB33-F8F5-4F15-8B32-26898F5CEC47}.Release|Any CPU.Build.0 = Release|Any CPU
		{118BD312-9BCE-4C61-8D98-BCF4DC1EA551}.Debug|Any CPU.ActiveCfg = Debug|Any CPU
		{118BD312-9BCE-4C61-8D98-BCF4DC1EA551}.Debug|Any CPU.Build.0 = Debug|Any CPU
		{118BD312-9BCE-4C61-8D98-BCF4DC1EA551}.Release|Any CPU.ActiveCfg = Release|Any CPU
		{118BD312-9BCE-4C61-8D98-BCF4DC1EA551}.Release|Any CPU.Build.0 = Release|Any CPU
	EndGlobalSection
	GlobalSection(SolutionProperties) = preSolution
		HideSolutionNode = FALSE
	EndGlobalSection
	GlobalSection(NestedProjects) = preSolution
		{0AE4A2AB-0BB5-48E5-BFF1-9195DF41C1C7} = {49759BE0-DEB8-4AF9-8FEC-75171269FB1D}
		{8571FA5C-F46C-4091-A6E0-5D3F8C68C30C} = {0C907200-3FA5-4809-9180-256CD74F9988}
		{60F53A4A-3A7B-4263-B522-A70518A483EF} = {670891E2-7FA3-4294-8EF2-B2FA5E27E2F3}
		{8324DF83-E337-49EA-8C36-FB1F13CED04F} = {3BE01BAE-F966-4AA8-9B71-6C7253B1A4D5}
		{042A4A08-0B36-4DF1-9CBB-AF9007E32EBB} = {B004A25F-53C7-4BFA-A21E-FA08FC438E86}
		{027B23A4-70B0-4FFD-90C8-387E14052796} = {23DCFC16-E4FB-46B7-9394-5BFD96F2BBDC}
		{E4C39D9A-E0EC-4A70-9697-2E48E67C83C9} = {23DCFC16-E4FB-46B7-9394-5BFD96F2BBDC}
		{6A6E7F01-CE3B-444F-A8BC-A58CFFB970DD} = {23DCFC16-E4FB-46B7-9394-5BFD96F2BBDC}
		{970FEB33-F8F5-4F15-8B32-26898F5CEC47} = {87899F2E-B13F-4DAB-910B-05AE4F0D01C8}
		{118BD312-9BCE-4C61-8D98-BCF4DC1EA551} = {A90FDFD9-B300-4921-8E81-A8621D2B16D3}
	EndGlobalSection
	GlobalSection(ExtensibilityGlobals) = postSolution
		SolutionGuid = {52601E43-50BB-4716-8BC7-793CF5C78B8D}
	EndGlobalSection
EndGlobal
